
Microsoft Visual Studio Solution File, Format Version 9.00
# Visual Studio 2005
Project("{F184B08F-C81C-45F6-A57F-5ABD9991F28F}") = "PrjFileCopy", "PrjFileCopy\PrjFileCopy.vbproj", "{3736083F-BF0A-4BBC-B388-9C5AB3BE3655}"
EndProject
Global
	GlobalSection(SolutionConfigurationPlatforms) = preSolution
		Debug|Any CPU = Debug|Any CPU
		Release|Any CPU = Release|Any CPU
	EndGlobalSection
	GlobalSection(ProjectConfigurationPlatforms) = postSolution
		{3736083F-BF0A-4BBC-B388-9C5AB3BE3655}.Debug|Any CPU.ActiveCfg = Debug|Any CPU
		{3736083F-BF0A-4BBC-B388-9C5AB3BE3655}.Debug|Any CPU.Build.0 = Debug|Any CPU
		{3736083F-BF0A-4BBC-B388-9C5AB3BE3655}.Release|Any CPU.ActiveCfg = Release|Any CPU
		{3736083F-BF0A-4BBC-B388-9C5AB3BE3655}.Release|Any CPU.Build.0 = Release|Any CPU
	EndGlobalSection
	GlobalSection(SolutionProperties) = preSolution
		HideSolutionNode = FALSE
	EndGlobalSection
EndGlobal
